
Microsoft Visual Studio Solution File, Format Version 12.00
# Visual Studio Version 17
VisualStudioVersion = 17.1.32319.34
MinimumVisualStudioVersion = 10.0.40219.1
Project("{FAE04EC0-301F-11D3-BF4B-00C04F79EFBC}") = "venkatBlazor_wasm.Server", "venkatBlazor_wasm\Server\venkatBlazor_wasm.Server.csproj", "{B6483824-8263-4258-99B4-B3F37836BEE7}"
EndProject
Project("{FAE04EC0-301F-11D3-BF4B-00C04F79EFBC}") = "venkatBlazor_wasm.Client", "venkatBlazor_wasm\Client\venkatBlazor_wasm.Client.csproj", "{A6E63FAD-A781-4EE9-A5C9-8C1C1A9C05D2}"
EndProject
Project("{FAE04EC0-301F-11D3-BF4B-00C04F79EFBC}") = "venkatBlazor_wasm.Shared", "venkatBlazor_wasm\Shared\venkatBlazor_wasm.Shared.csproj", "{120490E6-B2B5-4972-91E3-41B8C7747410}"
EndProject
Global
	GlobalSection(SolutionConfigurationPlatforms) = preSolution
		Debug|Any CPU = Debug|Any CPU
		Release|Any CPU = Release|Any CPU
	EndGlobalSection
	GlobalSection(ProjectConfigurationPlatforms) = postSolution
		{B6483824-8263-4258-99B4-B3F37836BEE7}.Debug|Any CPU.ActiveCfg = Debug|Any CPU
		{B6483824-8263-4258-99B4-B3F37836BEE7}.Debug|Any CPU.Build.0 = Debug|Any CPU
		{B6483824-8263-4258-99B4-B3F37836BEE7}.Release|Any CPU.ActiveCfg = Release|Any CPU
		{B6483824-8263-4258-99B4-B3F37836BEE7}.Release|Any CPU.Build.0 = Release|Any CPU
		{A6E63FAD-A781-4EE9-A5C9-8C1C1A9C05D2}.Debug|Any CPU.ActiveCfg = Debug|Any CPU
		{A6E63FAD-A781-4EE9-A5C9-8C1C1A9C05D2}.Debug|Any CPU.Build.0 = Debug|Any CPU
		{A6E63FAD-A781-4EE9-A5C9-8C1C1A9C05D2}.Release|Any CPU.ActiveCfg = Release|Any CPU
		{A6E63FAD-A781-4EE9-A5C9-8C1C1A9C05D2}.Release|Any CPU.Build.0 = Release|Any CPU
		{120490E6-B2B5-4972-91E3-41B8C7747410}.Debug|Any CPU.ActiveCfg = Debug|Any CPU
		{120490E6-B2B5-4972-91E3-41B8C7747410}.Debug|Any CPU.Build.0 = Debug|Any CPU
		{120490E6-B2B5-4972-91E3-41B8C7747410}.Release|Any CPU.ActiveCfg = Release|Any CPU
		{120490E6-B2B5-4972-91E3-41B8C7747410}.Release|Any CPU.Build.0 = Release|Any CPU
	EndGlobalSection
	GlobalSection(SolutionProperties) = preSolution
		HideSolutionNode = FALSE
	EndGlobalSection
	GlobalSection(ExtensibilityGlobals) = postSolution
		SolutionGuid = {9A485171-1D85-40C6-80D2-E707FB1E3AE9}
	EndGlobalSection
EndGlobal
